
Microsoft Visual Studio Solution File, Format Version 12.00
# Visual Studio Version 16
VisualStudioVersion = 16.0.32228.343
MinimumVisualStudioVersion = 10.0.40219.1
Project("{FAE04EC0-301F-11D3-BF4B-00C04F79EFBC}") = "MusicLibrary.Entities", "MusicLibraryEntities\MusicLibrary.Entities.csproj", "{CE937659-CF96-40CC-A72F-4B02784738EE}"
EndProject
Project("{FAE04EC0-301F-11D3-BF4B-00C04F79EFBC}") = "Core", "Core\Core.csproj", "{8EE3006C-282F-4C80-A3FB-068D288860C1}"
EndProject
Project("{FAE04EC0-301F-11D3-BF4B-00C04F79EFBC}") = "MusicLibrary.DataAccess", "MusicLibrary.DataAccess\MusicLibrary.DataAccess.csproj", "{8B39D60F-2A45-4B2C-B217-7B54EAC4B793}"
EndProject
Project("{FAE04EC0-301F-11D3-BF4B-00C04F79EFBC}") = "MusicLibrary.Business", "MusicLibrary.Business\MusicLibrary.Business.csproj", "{C91CA002-9A30-4CF1-AAFC-EEBEC2D93E2B}"
EndProject
Project("{FAE04EC0-301F-11D3-BF4B-00C04F79EFBC}") = "MusicLibrary.WebAPI", "MusicLibrary.WebAPI\MusicLibrary.WebAPI.csproj", "{FE9B238F-7887-485D-BFBE-30D56F550CB9}"
EndProject
Global
	GlobalSection(SolutionConfigurationPlatforms) = preSolution
		Debug|Any CPU = Debug|Any CPU
		Release|Any CPU = Release|Any CPU
	EndGlobalSection
	GlobalSection(ProjectConfigurationPlatforms) = postSolution
		{CE937659-CF96-40CC-A72F-4B02784738EE}.Debug|Any CPU.ActiveCfg = Debug|Any CPU
		{CE937659-CF96-40CC-A72F-4B02784738EE}.Debug|Any CPU.Build.0 = Debug|Any CPU
		{CE937659-CF96-40CC-A72F-4B02784738EE}.Release|Any CPU.ActiveCfg = Release|Any CPU
		{CE937659-CF96-40CC-A72F-4B02784738EE}.Release|Any CPU.Build.0 = Release|Any CPU
		{8EE3006C-282F-4C80-A3FB-068D288860C1}.Debug|Any CPU.ActiveCfg = Debug|Any CPU
		{8EE3006C-282F-4C80-A3FB-068D288860C1}.Debug|Any CPU.Build.0 = Debug|Any CPU
		{8EE3006C-282F-4C80-A3FB-068D288860C1}.Release|Any CPU.ActiveCfg = Release|Any CPU
		{8EE3006C-282F-4C80-A3FB-068D288860C1}.Release|Any CPU.Build.0 = Release|Any CPU
		{8B39D60F-2A45-4B2C-B217-7B54EAC4B793}.Debug|Any CPU.ActiveCfg = Debug|Any CPU
		{8B39D60F-2A45-4B2C-B217-7B54EAC4B793}.Debug|Any CPU.Build.0 = Debug|Any CPU
		{8B39D60F-2A45-4B2C-B217-7B54EAC4B793}.Release|Any CPU.ActiveCfg = Release|Any CPU
		{8B39D60F-2A45-4B2C-B217-7B54EAC4B793}.Release|Any CPU.Build.0 = Release|Any CPU
		{C91CA002-9A30-4CF1-AAFC-EEBEC2D93E2B}.Debug|Any CPU.ActiveCfg = Debug|Any CPU
		{C91CA002-9A30-4CF1-AAFC-EEBEC2D93E2B}.Debug|Any CPU.Build.0 = Debug|Any CPU
		{C91CA002-9A30-4CF1-AAFC-EEBEC2D93E2B}.Release|Any CPU.ActiveCfg = Release|Any CPU
		{C91CA002-9A30-4CF1-AAFC-EEBEC2D93E2B}.Release|Any CPU.Build.0 = Release|Any CPU
		{FE9B238F-7887-485D-BFBE-30D56F550CB9}.Debug|Any CPU.ActiveCfg = Debug|Any CPU
		{FE9B238F-7887-485D-BFBE-30D56F550CB9}.Debug|Any CPU.Build.0 = Debug|Any CPU
		{FE9B238F-7887-485D-BFBE-30D56F550CB9}.Release|Any CPU.ActiveCfg = Release|Any CPU
		{FE9B238F-7887-485D-BFBE-30D56F550CB9}.Release|Any CPU.Build.0 = Release|Any CPU
	EndGlobalSection
	GlobalSection(SolutionProperties) = preSolution
		HideSolutionNode = FALSE
	EndGlobalSection
	GlobalSection(ExtensibilityGlobals) = postSolution
		SolutionGuid = {C82B66C1-46E8-4654-B935-66FCC3888662}
	EndGlobalSection
EndGlobal
